
Microsoft Visual Studio Solution File, Format Version 12.00
# Visual Studio Version 16
VisualStudioVersion = 16.0.30011.22
MinimumVisualStudioVersion = 10.0.40219.1
Project("{FAE04EC0-301F-11D3-BF4B-00C04F79EFBC}") = "MyDependencyApp", "MyDependencyApp\MyDependencyApp.csproj", "{AD93B782-F283-42E1-AB74-E2DF87CE2C85}"
EndProject
Global
	GlobalSection(SolutionConfigurationPlatforms) = preSolution
		Debug|Any CPU = Debug|Any CPU
		Release|Any CPU = Release|Any CPU
	EndGlobalSection
	GlobalSection(ProjectConfigurationPlatforms) = postSolution
		{AD93B782-F283-42E1-AB74-E2DF87CE2C85}.Debug|Any CPU.ActiveCfg = Debug|Any CPU
		{AD93B782-F283-42E1-AB74-E2DF87CE2C85}.Debug|Any CPU.Build.0 = Debug|Any CPU
		{AD93B782-F283-42E1-AB74-E2DF87CE2C85}.Release|Any CPU.ActiveCfg = Release|Any CPU
		{AD93B782-F283-42E1-AB74-E2DF87CE2C85}.Release|Any CPU.Build.0 = Release|Any CPU
	EndGlobalSection
	GlobalSection(SolutionProperties) = preSolution
		HideSolutionNode = FALSE
	EndGlobalSection
	GlobalSection(ExtensibilityGlobals) = postSolution
		SolutionGuid = {4A67557B-1D81-4D1C-8047-0F63C4622941}
	EndGlobalSection
EndGlobal
